
Microsoft Visual Studio Solution File, Format Version 12.00
# Visual Studio Version 17
VisualStudioVersion = 17.7.34031.279
MinimumVisualStudioVersion = 10.0.40219.1
Project("{FAE04EC0-301F-11D3-BF4B-00C04F79EFBC}") = "Matheus_Horta_DR2_AT", "Matheus_Horta_DR2_AT.csproj", "{383D7A94-8B0D-4703-81D2-65CF483ECCB5}"
EndProject
Global
	GlobalSection(SolutionConfigurationPlatforms) = preSolution
		Debug|Any CPU = Debug|Any CPU
		Release|Any CPU = Release|Any CPU
	EndGlobalSection
	GlobalSection(ProjectConfigurationPlatforms) = postSolution
		{383D7A94-8B0D-4703-81D2-65CF483ECCB5}.Debug|Any CPU.ActiveCfg = Debug|Any CPU
		{383D7A94-8B0D-4703-81D2-65CF483ECCB5}.Debug|Any CPU.Build.0 = Debug|Any CPU
		{383D7A94-8B0D-4703-81D2-65CF483ECCB5}.Release|Any CPU.ActiveCfg = Release|Any CPU
		{383D7A94-8B0D-4703-81D2-65CF483ECCB5}.Release|Any CPU.Build.0 = Release|Any CPU
	EndGlobalSection
	GlobalSection(SolutionProperties) = preSolution
		HideSolutionNode = FALSE
	EndGlobalSection
	GlobalSection(ExtensibilityGlobals) = postSolution
		SolutionGuid = {5ED63F29-48D2-4DEB-A4C5-B6F330B86DF3}
	EndGlobalSection
EndGlobal
